// !$*UTF8*$!
{
	archiveVersion = 1;
	classes = {
	};
	objectVersion = 46;
	objects = {

/* Begin PBXBuildFile section */
		FE0216121DD33E350044CC79 /* Friend.m in Sources */ = {isa = PBXBuildFile; fileRef = FE0216111DD33E350044CC79 /* Friend.m */; };
		FE0216151DD343EE0044CC79 /* FriendGroup.m in Sources */ = {isa = PBXBuildFile; fileRef = FE0216141DD343EE0044CC79 /* FriendGroup.m */; };
		FE02161B1DD35ADE0044CC79 /* FriendCell.m in Sources */ = {isa = PBXBuildFile; fileRef = FE02161A1DD35ADE0044CC79 /* FriendCell.m */; };
		FE02161E1DD360720044CC79 /* FriendGroupHeader.m in Sources */ = {isa = PBXBuildFile; fileRef = FE02161D1DD360720044CC79 /* FriendGroupHeader.m */; };
		FE8AC7B61DD20CE10097E1DD /* AppDelegate.m in Sources */ = {isa = PBXBuildFile; fileRef = FE8AC7B51DD20CE10097E1DD /* AppDelegate.m */; };
		FE8AC7B91DD20CE80097E1DD /* ViewController.m in Sources */ = {isa = PBXBuildFile; fileRef = FE8AC7B81DD20CE80097E1DD /* ViewController.m */; };
		FE8AC7BC1DD20E880097E1DD /* friends.plist in Resources */ = {isa = PBXBuildFile; fileRef = FE8AC7BB1DD20E880097E1DD /* friends.plist */; };
		FEA6D36A1DD1FE2800CEF0B0 /* main.m in Sources */ = {isa = PBXBuildFile; fileRef = FEA6D3691DD1FE2800CEF0B0 /* main.m */; };
		FEA6D3731DD1FE2800CEF0B0 /* Main.storyboard in Resources */ = {isa = PBXBuildFile; fileRef = FEA6D3711DD1FE2800CEF0B0 /* Main.storyboard */; };
		FEA6D3751DD1FE2800CEF0B0 /* Assets.xcassets in Resources */ = {isa = PBXBuildFile; fileRef = FEA6D3741DD1FE2800CEF0B0 /* Assets.xcassets */; };
		FEA6D3781DD1FE2800CEF0B0 /* LaunchScreen.storyboard in Resources */ = {isa = PBXBuildFile; fileRef = FEA6D3761DD1FE2800CEF0B0 /* LaunchScreen.storyboard */; };
/* End PBXBuildFile section */

/* Begin PBXFileReference section */
		FE0216101DD33E350044CC79 /* Friend.h */ = {isa = PBXFileReference; fileEncoding = 4; lastKnownFileType = sourcecode.c.h; path = Friend.h; sourceTree = "<group>"; };
		FE0216111DD33E350044CC79 /* Friend.m */ = {isa = PBXFileReference; fileEncoding = 4; lastKnownFileType = sourcecode.c.objc; path = Friend.m; sourceTree = "<group>"; };
		FE0216131DD343EE0044CC79 /* FriendGroup.h */ = {isa = PBXFileReference; fileEncoding = 4; lastKnownFileType = sourcecode.c.h; path = FriendGroup.h; sourceTree = "<group>"; };
		FE0216141DD343EE0044CC79 /* FriendGroup.m */ = {isa = PBXFileReference; fileEncoding = 4; lastKnownFileType = sourcecode.c.objc; path = FriendGroup.m; sourceTree = "<group>"; };
		FE0216191DD35ADE0044CC79 /* FriendCell.h */ = {isa = PBXFileReference; fileEncoding = 4; lastKnownFileType = sourcecode.c.h; path = FriendCell.h; sourceTree = "<group>"; };
		FE02161A1DD35ADE0044CC79 /* FriendCell.m */ = {isa = PBXFileReference; fileEncoding = 4; lastKnownFileType = sourcecode.c.objc; path = FriendCell.m; sourceTree = "<group>"; };
		FE02161C1DD360720044CC79 /* FriendGroupHeader.h */ = {isa = PBXFileReference; fileEncoding = 4; lastKnownFileType = sourcecode.c.h; path = FriendGroupHeader.h; sourceTree = "<group>"; };
		FE02161D1DD360720044CC79 /* FriendGroupHeader.m */ = {isa = PBXFileReference; fileEncoding = 4; lastKnownFileType = sourcecode.c.objc; path = FriendGroupHeader.m; sourceTree = "<group>"; };
		FE8AC7B41DD20CE10097E1DD /* AppDelegate.h */ = {isa = PBXFileReference; fileEncoding = 4; lastKnownFileType = sourcecode.c.h; path = AppDelegate.h; sourceTree = "<group>"; };
		FE8AC7B51DD20CE10097E1DD /* AppDelegate.m */ = {isa = PBXFileReference; fileEncoding = 4; lastKnownFileType = sourcecode.c.objc; path = AppDelegate.m; sourceTree = "<group>"; };
		FE8AC7B71DD20CE80097E1DD /* ViewController.h */ = {isa = PBXFileReference; fileEncoding = 4; lastKnownFileType = sourcecode.c.h; path = ViewController.h; sourceTree = "<group>"; };
		FE8AC7B81DD20CE80097E1DD /* ViewController.m */ = {isa = PBXFileReference; fileEncoding = 4; lastKnownFileType = sourcecode.c.objc; path = ViewController.m; sourceTree = "<group>"; };
		FE8AC7BB1DD20E880097E1DD /* friends.plist */ = {isa = PBXFileReference; fileEncoding = 4; lastKnownFileType = text.plist.xml; path = friends.plist; sourceTree = "<group>"; };
		FEA6D3651DD1FE2800CEF0B0 /* FriendListDemo.app */ = {isa = PBXFileReference; explicitFileType = wrapper.application; includeInIndex = 0; path = FriendListDemo.app; sourceTree = BUILT_PRODUCTS_DIR; };
		FEA6D3691DD1FE2800CEF0B0 /* main.m */ = {isa = PBXFileReference; lastKnownFileType = sourcecode.c.objc; path = main.m; sourceTree = "<group>"; };
		FEA6D3721DD1FE2800CEF0B0 /* Base */ = {isa = PBXFileReference; lastKnownFileType = file.storyboard; name = Base; path = Base.lproj/Main.storyboard; sourceTree = "<group>"; };
		FEA6D3741DD1FE2800CEF0B0 /* Assets.xcassets */ = {isa = PBXFileReference; lastKnownFileType = folder.assetcatalog; path = Assets.xcassets; sourceTree = "<group>"; };
		FEA6D3771DD1FE2800CEF0B0 /* Base */ = {isa = PBXFileReference; lastKnownFileType = file.storyboard; name = Base; path = Base.lproj/LaunchScreen.storyboard; sourceTree = "<group>"; };
		FEA6D3791DD1FE2800CEF0B0 /* Info.plist */ = {isa = PBXFileReference; lastKnownFileType = text.plist.xml; path = Info.plist; sourceTree = "<group>"; };
/* End PBXFileReference section */

/* Begin PBXFrameworksBuildPhase section */
		FEA6D3621DD1FE2800CEF0B0 /* Frameworks */ = {
			isa = PBXFrameworksBuildPhase;
			buildActionMask = 2147483647;
			files = (
			);
			runOnlyForDeploymentPostprocessing = 0;
		};
/* End PBXFrameworksBuildPhase section */

/* Begin PBXGroup section */
		FE8AC7A91DD20C350097E1DD /* Classes */ = {
			isa = PBXGroup;
			children = (
				FE8AC7BA1DD20D090097E1DD /* Main */,
				FE8AC7AD1DD20C720097E1DD /* Other */,
				FE8AC7AC1DD20C670097E1DD /* View */,
				FE8AC7AB1DD20C5D0097E1DD /* Model */,
				FE8AC7AA1DD20C4B0097E1DD /* Controller */,
			);
			name = Classes;
			sourceTree = "<group>";
		};
		FE8AC7AA1DD20C4B0097E1DD /* Controller */ = {
			isa = PBXGroup;
			children = (
				FE8AC7B71DD20CE80097E1DD /* ViewController.h */,
				FE8AC7B81DD20CE80097E1DD /* ViewController.m */,
			);
			name = Controller;
			sourceTree = "<group>";
		};
		FE8AC7AB1DD20C5D0097E1DD /* Model */ = {
			isa = PBXGroup;
			children = (
				FE0216101DD33E350044CC79 /* Friend.h */,
				FE0216111DD33E350044CC79 /* Friend.m */,
				FE0216131DD343EE0044CC79 /* FriendGroup.h */,
				FE0216141DD343EE0044CC79 /* FriendGroup.m */,
			);
			name = Model;
			sourceTree = "<group>";
		};
		FE8AC7AC1DD20C670097E1DD /* View */ = {
			isa = PBXGroup;
			children = (
				FE0216191DD35ADE0044CC79 /* FriendCell.h */,
				FE02161A1DD35ADE0044CC79 /* FriendCell.m */,
				FE02161C1DD360720044CC79 /* FriendGroupHeader.h */,
				FE02161D1DD360720044CC79 /* FriendGroupHeader.m */,
			);
			name = View;
			sourceTree = "<group>";
		};
		FE8AC7AD1DD20C720097E1DD /* Other */ = {
			isa = PBXGroup;
			children = (
				FE8AC7B41DD20CE10097E1DD /* AppDelegate.h */,
				FE8AC7B51DD20CE10097E1DD /* AppDelegate.m */,
			);
			name = Other;
			sourceTree = "<group>";
		};
		FE8AC7BA1DD20D090097E1DD /* Main */ = {
			isa = PBXGroup;
			children = (
				FEA6D3691DD1FE2800CEF0B0 /* main.m */,
				FEA6D3791DD1FE2800CEF0B0 /* Info.plist */,
			);
			name = Main;
			sourceTree = "<group>";
		};
		FEA6D35C1DD1FE2800CEF0B0 = {
			isa = PBXGroup;
			children = (
				FEA6D3671DD1FE2800CEF0B0 /* FrendListDemo */,
				FEA6D3661DD1FE2800CEF0B0 /* Products */,
			);
			sourceTree = "<group>";
		};
		FEA6D3661DD1FE2800CEF0B0 /* Products */ = {
			isa = PBXGroup;
			children = (
				FEA6D3651DD1FE2800CEF0B0 /* FriendListDemo.app */,
			);
			name = Products;
			sourceTree = "<group>";
		};
		FEA6D3671DD1FE2800CEF0B0 /* FrendListDemo */ = {
			isa = PBXGroup;
			children = (
				FE8AC7A91DD20C350097E1DD /* Classes */,
				FEA6D3681DD1FE2800CEF0B0 /* Supporting Files */,
			);
			name = FrendListDemo;
			path = FriendListDemo;
			sourceTree = "<group>";
		};
		FEA6D3681DD1FE2800CEF0B0 /* Supporting Files */ = {
			isa = PBXGroup;
			children = (
				FE8AC7BB1DD20E880097E1DD /* friends.plist */,
				FEA6D3711DD1FE2800CEF0B0 /* Main.storyboard */,
				FEA6D3741DD1FE2800CEF0B0 /* Assets.xcassets */,
				FEA6D3761DD1FE2800CEF0B0 /* LaunchScreen.storyboard */,
			);
			name = "Supporting Files";
			sourceTree = "<group>";
		};
/* End PBXGroup section */

/* Begin PBXNativeTarget section */
		FEA6D3641DD1FE2800CEF0B0 /* FriendListDemo */ = {
			isa = PBXNativeTarget;
			buildConfigurationList = FEA6D37C1DD1FE2800CEF0B0 /* Build configuration list for PBXNativeTarget "FriendListDemo" */;
			buildPhases = (
				FEA6D3611DD1FE2800CEF0B0 /* Sources */,
				FEA6D3621DD1FE2800CEF0B0 /* Frameworks */,
				FEA6D3631DD1FE2800CEF0B0 /* Resources */,
			);
			buildRules = (
			);
			dependencies = (
			);
			name = FriendListDemo;
			productName = FriendListDemo;
			productReference = FEA6D3651DD1FE2800CEF0B0 /* FriendListDemo.app */;
			productType = "com.apple.product-type.application";
		};
/* End PBXNativeTarget section */

/* Begin PBXProject section */
		FEA6D35D1DD1FE2800CEF0B0 /* Project object */ = {
			isa = PBXProject;
			attributes = {
				LastUpgradeCheck = 0810;
				ORGANIZATIONNAME = WangLong;
				TargetAttributes = {
					FEA6D3641DD1FE2800CEF0B0 = {
						CreatedOnToolsVersion = 8.1;
						DevelopmentTeam = PE8RT9TWB9;
						ProvisioningStyle = Automatic;
					};
				};
			};
			buildConfigurationList = FEA6D3601DD1FE2800CEF0B0 /* Build configuration list for PBXProject "FriendListDemo" */;
			compatibilityVersion = "Xcode 3.2";
			developmentRegion = English;
			hasScannedForEncodings = 0;
			knownRegions = (
				en,
				Base,
			);
			mainGroup = FEA6D35C1DD1FE2800CEF0B0;
			productRefGroup = FEA6D3661DD1FE2800CEF0B0 /* Products */;
			projectDirPath = "";
			projectRoot = "";
			targets = (
				FEA6D3641DD1FE2800CEF0B0 /* FriendListDemo */,
			);
		};
/* End PBXProject section */

/* Begin PBXResourcesBuildPhase section */
		FEA6D3631DD1FE2800CEF0B0 /* Resources */ = {
			isa = PBXResourcesBuildPhase;
			buildActionMask = 2147483647;
			files = (
				FEA6D3781DD1FE2800CEF0B0 /* LaunchScreen.storyboard in Resources */,
				FEA6D3751DD1FE2800CEF0B0 /* Assets.xcassets in Resources */,
				FE8AC7BC1DD20E880097E1DD /* friends.plist in Resources */,
				FEA6D3731DD1FE2800CEF0B0 /* Main.storyboard in Resources */,
			);
			runOnlyForDeploymentPostprocessing = 0;
		};
/* End PBXResourcesBuildPhase section */

/* Begin PBXSourcesBuildPhase section */
		FEA6D3611DD1FE2800CEF0B0 /* Sources */ = {
			isa = PBXSourcesBuildPhase;
			buildActionMask = 2147483647;
			files = (
				FE0216151DD343EE0044CC79 /* FriendGroup.m in Sources */,
				FE8AC7B91DD20CE80097E1DD /* ViewController.m in Sources */,
				FE8AC7B61DD20CE10097E1DD /* AppDelegate.m in Sources */,
				FE02161B1DD35ADE0044CC79 /* FriendCell.m in Sources */,
				FEA6D36A1DD1FE2800CEF0B0 /* main.m in Sources */,
				FE02161E1DD360720044CC79 /* FriendGroupHeader.m in Sources */,
				FE0216121DD33E350044CC79 /* Friend.m in Sources */,
			);
			runOnlyForDeploymentPostprocessing = 0;
		};
/* End PBXSourcesBuildPhase section */

/* Begin PBXVariantGroup section */
		FEA6D3711DD1FE2800CEF0B0 /* Main.storyboard */ = {
			isa = PBXVariantGroup;
			children = (
				FEA6D3721DD1FE2800CEF0B0 /* Base */,
			);
			name = Main.storyboard;
			sourceTree = "<group>";
		};
		FEA6D3761DD1FE2800CEF0B0 /* LaunchScreen.storyboard */ = {
			isa = PBXVariantGroup;
			children = (
				FEA6D3771DD1FE2800CEF0B0 /* Base */,
			);
			name = LaunchScreen.storyboard;
			sourceTree = "<group>";
		};
/* End PBXVariantGroup section */

/* Begin XCBuildConfiguration section */
		FEA6D37A1DD1FE2800CEF0B0 /* Debug */ = {
			isa = XCBuildConfiguration;
			buildSettings = {
				ALWAYS_SEARCH_USER_PATHS = NO;
				CLANG_ANALYZER_NONNULL = YES;
				CLANG_CXX_LANGUAGE_STANDARD = "gnu++0x";
				CLANG_CXX_LIBRARY = "libc++";
				CLANG_ENABLE_MODULES = YES;
				CLANG_ENABLE_OBJC_ARC = YES;
				CLANG_WARN_BOOL_CONVERSION = YES;
				CLANG_WARN_CONSTANT_CONVERSION = YES;
				CLANG_WARN_DIRECT_OBJC_ISA_USAGE = YES_ERROR;
				CLANG_WARN_DOCUMENTATION_COMMENTS = YES;
				CLANG_WARN_EMPTY_BODY = YES;
				CLANG_WARN_ENUM_CONVERSION = YES;
				CLANG_WARN_INFINITE_RECURSION = YES;
				CLANG_WARN_INT_CONVERSION = YES;
				CLANG_WARN_OBJC_ROOT_CLASS = YES_ERROR;
				CLANG_WARN_SUSPICIOUS_MOVES = YES;
				CLANG_WARN_UNREACHABLE_CODE = YES;
				CLANG_WARN__DUPLICATE_METHOD_MATCH = YES;
				"CODE_SIGN_IDENTITY[sdk=iphoneos*]" = "iPhone Developer";
				COPY_PHASE_STRIP = NO;
				DEBUG_INFORMATION_FORMAT = dwarf;
				ENABLE_STRICT_OBJC_MSGSEND = YES;
				ENABLE_TESTABILITY = YES;
				GCC_C_LANGUAGE_STANDARD = gnu99;
				GCC_DYNAMIC_NO_PIC = NO;
				GCC_NO_COMMON_BLOCKS = YES;
				GCC_OPTIMIZATION_LEVEL = 0;
				GCC_PREPROCESSOR_DEFINITIONS = (
					"DEBUG=1",
					"$(inherited)",
				);
				GCC_WARN_64_TO_32_BIT_CONVERSION = YES;
				GCC_WARN_ABOUT_RETURN_TYPE = YES_ERROR;
				GCC_WARN_UNDECLARED_SELECTOR = YES;
				GCC_WARN_UNINITIALIZED_AUTOS = YES_AGGRESSIVE;
				GCC_WARN_UNUSED_FUNCTION = YES;
				GCC_WARN_UNUSED_VARIABLE = YES;
				IPHONEOS_DEPLOYMENT_TARGET = 10.1;
				MTL_ENABLE_DEBUG_INFO = YES;
				ONLY_ACTIVE_ARCH = YES;
				SDKROOT = iphoneos;
			};
			name = Debug;
		};
		FEA6D37B1DD1FE2800CEF0B0 /* Release */ = {
			isa = XCBuildConfiguration;
			buildSettings = {
				ALWAYS_SEARCH_USER_PATHS = NO;
				CLANG_ANALYZER_NONNULL = YES;
				CLANG_CXX_LANGUAGE_STANDARD = "gnu++0x";
				CLANG_CXX_LIBRARY = "libc++";
				CLANG_ENABLE_MODULES = YES;
				CLANG_ENABLE_OBJC_ARC = YES;
				CLANG_WARN_BOOL_CONVERSION = YES;
				CLANG_WARN_CONSTANT_CONVERSION = YES;
				CLANG_WARN_DIRECT_OBJC_ISA_USAGE = YES_ERROR;
				CLANG_WARN_DOCUMENTATION_COMMENTS = YES;
				CLANG_WARN_EMPTY_BODY = YES;
				CLANG_WARN_ENUM_CONVERSION = YES;
				CLANG_WARN_INFINITE_RECURSION = YES;
				CLANG_WARN_INT_CONVERSION = YES;
				CLANG_WARN_OBJC_ROOT_CLASS = YES_ERROR;
				CLANG_WARN_SUSPICIOUS_MOVES = YES;
				CLANG_WARN_UNREACHABLE_CODE = YES;
				CLANG_WARN__DUPLICATE_METHOD_MATCH = YES;
				"CODE_SIGN_IDENTITY[sdk=iphoneos*]" = "iPhone Developer";
				COPY_PHASE_STRIP = NO;
				DEBUG_INFORMATION_FORMAT = "dwarf-with-dsym";
				ENABLE_NS_ASSERTIONS = NO;
				ENABLE_STRICT_OBJC_MSGSEND = YES;
				GCC_C_LANGUAGE_STANDARD = gnu99;
				GCC_NO_COMMON_BLOCKS = YES;
				GCC_WARN_64_TO_32_BIT_CONVERSION = YES;
				GCC_WARN_ABOUT_RETURN_TYPE = YES_ERROR;
				GCC_WARN_UNDECLARED_SELECTOR = YES;
				GCC_WARN_UNINITIALIZED_AUTOS = YES_AGGRESSIVE;
				GCC_WARN_UNUSED_FUNCTION = YES;
				GCC_WARN_UNUSED_VARIABLE = YES;
				IPHONEOS_DEPLOYMENT_TARGET = 10.1;
				MTL_ENABLE_DEBUG_INFO = NO;
				SDKROOT = iphoneos;
				VALIDATE_PRODUCT = YES;
			};
			name = Release;
		};
		FEA6D37D1DD1FE2800CEF0B0 /* Debug */ = {
			isa = XCBuildConfiguration;
			buildSettings = {
				ASSETCATALOG_COMPILER_APPICON_NAME = AppIcon;
				"CODE_SIGN_IDENTITY[sdk=iphoneos*]" = "iPhone Developer";
				DEVELOPMENT_TEAM = PE8RT9TWB9;
				INFOPLIST_FILE = FriendListDemo/Info.plist;
				LD_RUNPATH_SEARCH_PATHS = "$(inherited) @executable_path/Frameworks";
				PRODUCT_BUNDLE_IDENTIFIER = com.demo.FriendListDemo;
				PRODUCT_NAME = "$(TARGET_NAME)";
			};
			name = Debug;
		};
		FEA6D37E1DD1FE2800CEF0B0 /* Release */ = {
			isa = XCBuildConfiguration;
			buildSettings = {
				ASSETCATALOG_COMPILER_APPICON_NAME = AppIcon;
				"CODE_SIGN_IDENTITY[sdk=iphoneos*]" = "iPhone Developer";
				DEVELOPMENT_TEAM = PE8RT9TWB9;
				INFOPLIST_FILE = FriendListDemo/Info.plist;
				LD_RUNPATH_SEARCH_PATHS = "$(inherited) @executable_path/Frameworks";
				PRODUCT_BUNDLE_IDENTIFIER = com.demo.FriendListDemo;
				PRODUCT_NAME = "$(TARGET_NAME)";
			};
			name = Release;
		};
/* End XCBuildConfiguration section */

/* Begin XCConfigurationList section */
		FEA6D3601DD1FE2800CEF0B0 /* Build configuration list for PBXProject "FriendListDemo" */ = {
			isa = XCConfigurationList;
			buildConfigurations = (
				FEA6D37A1DD1FE2800CEF0B0 /* Debug */,
				FEA6D37B1DD1FE2800CEF0B0 /* Release */,
			);
			defaultConfigurationIsVisible = 0;
			defaultConfigurationName = Release;
		};
		FEA6D37C1DD1FE2800CEF0B0 /* Build configuration list for PBXNativeTarget "FriendListDemo" */ = {
			isa = XCConfigurationList;
			buildConfigurations = (
				FEA6D37D1DD1FE2800CEF0B0 /* Debug */,
				FEA6D37E1DD1FE2800CEF0B0 /* Release */,
			);
			defaultConfigurationIsVisible = 0;
			defaultConfigurationName = Release;
		};
/* End XCConfigurationList section */
	};
	rootObject = FEA6D35D1DD1FE2800CEF0B0 /* Project object */;
}
